{
  "nodes": {
    "nixpkgs": {
      "locked": {
        "lastModified": 1741037377,
        "narHash": "sha256-SvtvVKHaUX4Owb+PasySwZsoc5VUeTf1px34BByiOxw=",
        "owner": "NixOS",
        "repo": "nixpkgs",
        "rev": "02032da4af073d0f6110540c8677f16d4be0117f",
        "type": "github"
      },
      "original": {
        "owner": "NixOS",
        "ref": "nixpkgs-unstable",
        "repo": "nixpkgs",
        "type": "github"
      }
    },
    "nixpkgs_2": {
      "locked": {
        "lastModified": 1716330097,
        "narHash": "sha256-8BO3B7e3BiyIDsaKA0tY8O88rClYRTjvAp66y+VBUeU=",
        "owner": "nixos",
        "repo": "nixpkgs",
        "rev": "5710852ba686cc1fd0d3b8e22b3117d43ba374c2",
        "type": "github"
      },
      "original": {
        "owner": "nixos",
        "ref": "nixos-unstable",
        "repo": "nixpkgs",
        "type": "github"
      }
    },
    "root": {
      "inputs": {
        "nixpkgs": "nixpkgs",
        "typstFmt": "typstFmt"
      }
    },
    "typstFmt": {
      "inputs": {
        "nixpkgs": "nixpkgs_2"
      },
      "locked": {
        "lastModified": 1729756196,
        "narHash": "sha256-5qoDfIM9KM9kURfIz25cTfJ/pxWi/URFqhwoXe5jZew=",
        "owner": "jeffa5",
        "repo": "typstfmt",
        "rev": "ade0a3553464f7833716d4242f97cfb12e212429",
        "type": "github"
      },
      "original": {
        "owner": "jeffa5",
        "repo": "typstfmt",
        "type": "github"
      }
    }
  },
  "root": "root",
  "version": 7
}
