{
  "nodes": {
    "nixpkgs": {
      "locked": {
        "lastModified": 1686921029,
        "narHash": "sha256-J1bX9plPCFhTSh6E3TWn9XSxggBh/zDD4xigyaIQBy8=",
        "path": "/nix/store/fczavn7i5515mxdcqjc4j3bkfishr1fj-source",
        "rev": "c7ff1b9b95620ce8728c0d7bd501c458e6da9e04",
        "type": "path"
      },
      "original": {
        "id": "nixpkgs",
        "type": "indirect"
      }
    },
    "root": {
      "inputs": {
        "nixpkgs": "nixpkgs"
      }
    }
  },
  "root": "root",
  "version": 7
}
